
Microsoft Visual Studio Solution File, Format Version 12.00
# Visual Studio Version 17
VisualStudioVersion = 17.5.33627.172
MinimumVisualStudioVersion = 10.0.40219.1
Project("{9A19103F-16F7-4668-BE54-9A1E7A4F7556}") = "Lab1_Problem4", "Lab1_Problem4\Lab1_Problem4.csproj", "{D5308AD5-5804-4A60-AE43-F796287F7A6E}"
EndProject
Project("{9A19103F-16F7-4668-BE54-9A1E7A4F7556}") = "Lab2Testing", "Lab2Testing\Lab2Testing.csproj", "{78355538-5580-4E7B-93F4-157A6D9E1AF0}"
EndProject
Global
	GlobalSection(SolutionConfigurationPlatforms) = preSolution
		Debug|Any CPU = Debug|Any CPU
		Release|Any CPU = Release|Any CPU
	EndGlobalSection
	GlobalSection(ProjectConfigurationPlatforms) = postSolution
		{D5308AD5-5804-4A60-AE43-F796287F7A6E}.Debug|Any CPU.ActiveCfg = Debug|Any CPU
		{D5308AD5-5804-4A60-AE43-F796287F7A6E}.Debug|Any CPU.Build.0 = Debug|Any CPU
		{D5308AD5-5804-4A60-AE43-F796287F7A6E}.Release|Any CPU.ActiveCfg = Release|Any CPU
		{D5308AD5-5804-4A60-AE43-F796287F7A6E}.Release|Any CPU.Build.0 = Release|Any CPU
		{78355538-5580-4E7B-93F4-157A6D9E1AF0}.Debug|Any CPU.ActiveCfg = Debug|Any CPU
		{78355538-5580-4E7B-93F4-157A6D9E1AF0}.Debug|Any CPU.Build.0 = Debug|Any CPU
		{78355538-5580-4E7B-93F4-157A6D9E1AF0}.Release|Any CPU.ActiveCfg = Release|Any CPU
		{78355538-5580-4E7B-93F4-157A6D9E1AF0}.Release|Any CPU.Build.0 = Release|Any CPU
	EndGlobalSection
	GlobalSection(SolutionProperties) = preSolution
		HideSolutionNode = FALSE
	EndGlobalSection
	GlobalSection(ExtensibilityGlobals) = postSolution
		SolutionGuid = {4F914050-D12D-46E9-8F91-8064F0CB0628}
	EndGlobalSection
EndGlobal
